
Microsoft Visual Studio Solution File, Format Version 12.00
# Visual Studio Version 17
VisualStudioVersion = 17.6.33829.357
MinimumVisualStudioVersion = 10.0.40219.1
Project("{FAE04EC0-301F-11D3-BF4B-00C04F79EFBC}") = "ASPNET_BestPractices", "ASPNET_BestPractices\ASPNET_BestPractices.csproj", "{A6289622-D035-4B32-9752-9E1D2A35B52A}"
EndProject
Global
	GlobalSection(SolutionConfigurationPlatforms) = preSolution
		Debug|Any CPU = Debug|Any CPU
		Release|Any CPU = Release|Any CPU
	EndGlobalSection
	GlobalSection(ProjectConfigurationPlatforms) = postSolution
		{A6289622-D035-4B32-9752-9E1D2A35B52A}.Debug|Any CPU.ActiveCfg = Debug|Any CPU
		{A6289622-D035-4B32-9752-9E1D2A35B52A}.Debug|Any CPU.Build.0 = Debug|Any CPU
		{A6289622-D035-4B32-9752-9E1D2A35B52A}.Release|Any CPU.ActiveCfg = Release|Any CPU
		{A6289622-D035-4B32-9752-9E1D2A35B52A}.Release|Any CPU.Build.0 = Release|Any CPU
	EndGlobalSection
	GlobalSection(SolutionProperties) = preSolution
		HideSolutionNode = FALSE
	EndGlobalSection
	GlobalSection(ExtensibilityGlobals) = postSolution
		SolutionGuid = {5CF280C3-7E85-4B86-B031-924F0ADCA05D}
	EndGlobalSection
EndGlobal
